
Microsoft Visual Studio Solution File, Format Version 12.00
# Visual Studio 15
VisualStudioVersion = 15.0.27004.2002
MinimumVisualStudioVersion = 10.0.40219.1
Project("{FAE04EC0-301F-11D3-BF4B-00C04F79EFBC}") = "EpamTask4", "EpamTask4\EpamTask4.csproj", "{75F791F1-AFDC-4D17-8282-AB8540357FBD}"
EndProject
Project("{FAE04EC0-301F-11D3-BF4B-00C04F79EFBC}") = "Business", "Business\Business.csproj", "{61E64EB3-D05B-43FC-B1F7-2158928BC507}"
EndProject
Project("{FAE04EC0-301F-11D3-BF4B-00C04F79EFBC}") = "WindowsService", "WindowsService\WindowsService.csproj", "{4BC5DDBB-24A3-4999-9C0F-145F238F2A94}"
EndProject
Global
	GlobalSection(SolutionConfigurationPlatforms) = preSolution
		Debug|Any CPU = Debug|Any CPU
		Release|Any CPU = Release|Any CPU
	EndGlobalSection
	GlobalSection(ProjectConfigurationPlatforms) = postSolution
		{75F791F1-AFDC-4D17-8282-AB8540357FBD}.Debug|Any CPU.ActiveCfg = Debug|Any CPU
		{75F791F1-AFDC-4D17-8282-AB8540357FBD}.Debug|Any CPU.Build.0 = Debug|Any CPU
		{75F791F1-AFDC-4D17-8282-AB8540357FBD}.Release|Any CPU.ActiveCfg = Release|Any CPU
		{75F791F1-AFDC-4D17-8282-AB8540357FBD}.Release|Any CPU.Build.0 = Release|Any CPU
		{61E64EB3-D05B-43FC-B1F7-2158928BC507}.Debug|Any CPU.ActiveCfg = Debug|Any CPU
		{61E64EB3-D05B-43FC-B1F7-2158928BC507}.Debug|Any CPU.Build.0 = Debug|Any CPU
		{61E64EB3-D05B-43FC-B1F7-2158928BC507}.Release|Any CPU.ActiveCfg = Release|Any CPU
		{61E64EB3-D05B-43FC-B1F7-2158928BC507}.Release|Any CPU.Build.0 = Release|Any CPU
		{4BC5DDBB-24A3-4999-9C0F-145F238F2A94}.Debug|Any CPU.ActiveCfg = Debug|Any CPU
		{4BC5DDBB-24A3-4999-9C0F-145F238F2A94}.Debug|Any CPU.Build.0 = Debug|Any CPU
		{4BC5DDBB-24A3-4999-9C0F-145F238F2A94}.Release|Any CPU.ActiveCfg = Release|Any CPU
		{4BC5DDBB-24A3-4999-9C0F-145F238F2A94}.Release|Any CPU.Build.0 = Release|Any CPU
	EndGlobalSection
	GlobalSection(SolutionProperties) = preSolution
		HideSolutionNode = FALSE
	EndGlobalSection
	GlobalSection(ExtensibilityGlobals) = postSolution
		SolutionGuid = {26E90900-863C-46C0-8E86-DD9C21EF7BCF}
	EndGlobalSection
EndGlobal
